
Microsoft Visual Studio Solution File, Format Version 12.00
# Visual Studio Version 17
VisualStudioVersion = 17.14.36414.22 d17.14
MinimumVisualStudioVersion = 10.0.40219.1
Project("{FAE04EC0-301F-11D3-BF4B-00C04F79EFBC}") = "ObliProjekt", "ObliProjekt\ObliProjekt.csproj", "{4C1EC9B2-2DE2-4F24-BD1F-02A3116AD24F}"
EndProject
Project("{FAE04EC0-301F-11D3-BF4B-00C04F79EFBC}") = "ObliProjektTests", "ObliProjektTests\ObliProjektTests.csproj", "{F4E237F8-BC3E-44B4-89A0-BF588CA6DFCF}"
EndProject
Global
	GlobalSection(SolutionConfigurationPlatforms) = preSolution
		Debug|Any CPU = Debug|Any CPU
		Release|Any CPU = Release|Any CPU
	EndGlobalSection
	GlobalSection(ProjectConfigurationPlatforms) = postSolution
		{4C1EC9B2-2DE2-4F24-BD1F-02A3116AD24F}.Debug|Any CPU.ActiveCfg = Debug|Any CPU
		{4C1EC9B2-2DE2-4F24-BD1F-02A3116AD24F}.Debug|Any CPU.Build.0 = Debug|Any CPU
		{4C1EC9B2-2DE2-4F24-BD1F-02A3116AD24F}.Release|Any CPU.ActiveCfg = Release|Any CPU
		{4C1EC9B2-2DE2-4F24-BD1F-02A3116AD24F}.Release|Any CPU.Build.0 = Release|Any CPU
		{F4E237F8-BC3E-44B4-89A0-BF588CA6DFCF}.Debug|Any CPU.ActiveCfg = Debug|Any CPU
		{F4E237F8-BC3E-44B4-89A0-BF588CA6DFCF}.Debug|Any CPU.Build.0 = Debug|Any CPU
		{F4E237F8-BC3E-44B4-89A0-BF588CA6DFCF}.Release|Any CPU.ActiveCfg = Release|Any CPU
		{F4E237F8-BC3E-44B4-89A0-BF588CA6DFCF}.Release|Any CPU.Build.0 = Release|Any CPU
	EndGlobalSection
	GlobalSection(SolutionProperties) = preSolution
		HideSolutionNode = FALSE
	EndGlobalSection
	GlobalSection(ExtensibilityGlobals) = postSolution
		SolutionGuid = {7C5B93FC-EA63-47B3-8D67-D89774A0AFC1}
	EndGlobalSection
EndGlobal
